
Microsoft Visual Studio Solution File, Format Version 12.00
# Visual Studio 15
VisualStudioVersion = 15.0.28307.438
MinimumVisualStudioVersion = 10.0.40219.1
Project("{FAE04EC0-301F-11D3-BF4B-00C04F79EFBC}") = "EmployeeAttendanceSystem", "EmployeeAttendanceSystem\EmployeeAttendanceSystem.csproj", "{055726AB-2DAB-4046-922A-88344F90F4CA}"
EndProject
Global
	GlobalSection(SolutionConfigurationPlatforms) = preSolution
		Debug|Any CPU = Debug|Any CPU
		Release|Any CPU = Release|Any CPU
	EndGlobalSection
	GlobalSection(ProjectConfigurationPlatforms) = postSolution
		{055726AB-2DAB-4046-922A-88344F90F4CA}.Debug|Any CPU.ActiveCfg = Debug|Any CPU
		{055726AB-2DAB-4046-922A-88344F90F4CA}.Debug|Any CPU.Build.0 = Debug|Any CPU
		{055726AB-2DAB-4046-922A-88344F90F4CA}.Release|Any CPU.ActiveCfg = Release|Any CPU
		{055726AB-2DAB-4046-922A-88344F90F4CA}.Release|Any CPU.Build.0 = Release|Any CPU
	EndGlobalSection
	GlobalSection(SolutionProperties) = preSolution
		HideSolutionNode = FALSE
	EndGlobalSection
	GlobalSection(ExtensibilityGlobals) = postSolution
		SolutionGuid = {405F8163-41CE-4368-9D0A-C8E446F6B72B}
	EndGlobalSection
EndGlobal
